
Microsoft Visual Studio Solution File, Format Version 12.00
# Visual Studio 15
VisualStudioVersion = 15.0.26730.15
MinimumVisualStudioVersion = 10.0.40219.1
Project("{FAE04EC0-301F-11D3-BF4B-00C04F79EFBC}") = "MyPhotos", "MyPhotos\MyPhotos.csproj", "{CD1BD373-8B23-49E7-92C5-78FE23206611}"
EndProject
Project("{FAE04EC0-301F-11D3-BF4B-00C04F79EFBC}") = "MyPhotoAlbum", "MyPhotoAlbum\MyPhotoAlbum.csproj", "{745C9C67-79D1-40D8-B606-C149692BAED0}"
EndProject
Project("{FAE04EC0-301F-11D3-BF4B-00C04F79EFBC}") = "MyPhotoControls", "MyPhotoControls\MyPhotoControls.csproj", "{34D7CD24-C89C-4974-B643-3C7854D17B49}"
EndProject
Global
	GlobalSection(SolutionConfigurationPlatforms) = preSolution
		Debug|Any CPU = Debug|Any CPU
		Release|Any CPU = Release|Any CPU
	EndGlobalSection
	GlobalSection(ProjectConfigurationPlatforms) = postSolution
		{CD1BD373-8B23-49E7-92C5-78FE23206611}.Debug|Any CPU.ActiveCfg = Debug|Any CPU
		{CD1BD373-8B23-49E7-92C5-78FE23206611}.Debug|Any CPU.Build.0 = Debug|Any CPU
		{CD1BD373-8B23-49E7-92C5-78FE23206611}.Release|Any CPU.ActiveCfg = Release|Any CPU
		{CD1BD373-8B23-49E7-92C5-78FE23206611}.Release|Any CPU.Build.0 = Release|Any CPU
		{745C9C67-79D1-40D8-B606-C149692BAED0}.Debug|Any CPU.ActiveCfg = Debug|Any CPU
		{745C9C67-79D1-40D8-B606-C149692BAED0}.Debug|Any CPU.Build.0 = Debug|Any CPU
		{745C9C67-79D1-40D8-B606-C149692BAED0}.Release|Any CPU.ActiveCfg = Release|Any CPU
		{745C9C67-79D1-40D8-B606-C149692BAED0}.Release|Any CPU.Build.0 = Release|Any CPU
		{34D7CD24-C89C-4974-B643-3C7854D17B49}.Debug|Any CPU.ActiveCfg = Debug|Any CPU
		{34D7CD24-C89C-4974-B643-3C7854D17B49}.Debug|Any CPU.Build.0 = Debug|Any CPU
		{34D7CD24-C89C-4974-B643-3C7854D17B49}.Release|Any CPU.ActiveCfg = Release|Any CPU
		{34D7CD24-C89C-4974-B643-3C7854D17B49}.Release|Any CPU.Build.0 = Release|Any CPU
	EndGlobalSection
	GlobalSection(SolutionProperties) = preSolution
		HideSolutionNode = FALSE
	EndGlobalSection
	GlobalSection(ExtensibilityGlobals) = postSolution
		SolutionGuid = {8E98CD4D-F000-49FF-A054-ABE374AF55AE}
	EndGlobalSection
EndGlobal
