
Microsoft Visual Studio Solution File, Format Version 12.00
# Visual Studio 15
VisualStudioVersion = 15.0.26730.15
MinimumVisualStudioVersion = 10.0.40219.1
Project("{FAE04EC0-301F-11D3-BF4B-00C04F79EFBC}") = "ScrollablePictureBoxTest", "ScrollablePictureBoxTest\ScrollablePictureBoxTest.csproj", "{02C0AD8C-0162-4146-A057-BC1F2862E558}"
EndProject
Project("{FAE04EC0-301F-11D3-BF4B-00C04F79EFBC}") = "MyPhotoControls", "..\MyPhotos\MyPhotoControls\MyPhotoControls.csproj", "{34D7CD24-C89C-4974-B643-3C7854D17B49}"
EndProject
Global
	GlobalSection(SolutionConfigurationPlatforms) = preSolution
		Debug|Any CPU = Debug|Any CPU
		Release|Any CPU = Release|Any CPU
	EndGlobalSection
	GlobalSection(ProjectConfigurationPlatforms) = postSolution
		{02C0AD8C-0162-4146-A057-BC1F2862E558}.Debug|Any CPU.ActiveCfg = Debug|Any CPU
		{02C0AD8C-0162-4146-A057-BC1F2862E558}.Debug|Any CPU.Build.0 = Debug|Any CPU
		{02C0AD8C-0162-4146-A057-BC1F2862E558}.Release|Any CPU.ActiveCfg = Release|Any CPU
		{02C0AD8C-0162-4146-A057-BC1F2862E558}.Release|Any CPU.Build.0 = Release|Any CPU
		{34D7CD24-C89C-4974-B643-3C7854D17B49}.Debug|Any CPU.ActiveCfg = Debug|Any CPU
		{34D7CD24-C89C-4974-B643-3C7854D17B49}.Debug|Any CPU.Build.0 = Debug|Any CPU
		{34D7CD24-C89C-4974-B643-3C7854D17B49}.Release|Any CPU.ActiveCfg = Release|Any CPU
		{34D7CD24-C89C-4974-B643-3C7854D17B49}.Release|Any CPU.Build.0 = Release|Any CPU
	EndGlobalSection
	GlobalSection(SolutionProperties) = preSolution
		HideSolutionNode = FALSE
	EndGlobalSection
	GlobalSection(ExtensibilityGlobals) = postSolution
		SolutionGuid = {1739457C-B749-4D25-A36A-4A21FB9B3780}
	EndGlobalSection
EndGlobal
